
Microsoft Visual Studio Solution File, Format Version 12.00
# Visual Studio Version 16
VisualStudioVersion = 16.0.28922.388
MinimumVisualStudioVersion = 10.0.40219.1
Project("{FAE04EC0-301F-11D3-BF4B-00C04F79EFBC}") = "ServerPartBIT", "ServerPartBIT\ServerPartBIT.csproj", "{946EAF52-4A73-41E5-B85F-BCAD0D98D1A5}"
EndProject
Global
	GlobalSection(SolutionConfigurationPlatforms) = preSolution
		Debug|Any CPU = Debug|Any CPU
		Release|Any CPU = Release|Any CPU
	EndGlobalSection
	GlobalSection(ProjectConfigurationPlatforms) = postSolution
		{946EAF52-4A73-41E5-B85F-BCAD0D98D1A5}.Debug|Any CPU.ActiveCfg = Debug|Any CPU
		{946EAF52-4A73-41E5-B85F-BCAD0D98D1A5}.Debug|Any CPU.Build.0 = Debug|Any CPU
		{946EAF52-4A73-41E5-B85F-BCAD0D98D1A5}.Release|Any CPU.ActiveCfg = Release|Any CPU
		{946EAF52-4A73-41E5-B85F-BCAD0D98D1A5}.Release|Any CPU.Build.0 = Release|Any CPU
	EndGlobalSection
	GlobalSection(SolutionProperties) = preSolution
		HideSolutionNode = FALSE
	EndGlobalSection
	GlobalSection(ExtensibilityGlobals) = postSolution
		SolutionGuid = {CFC9B1E3-92A5-4B6C-947A-61D16205074C}
	EndGlobalSection
EndGlobal
